
Microsoft Visual Studio Solution File, Format Version 12.00
# Visual Studio Version 17
VisualStudioVersion = 17.0.32112.339
MinimumVisualStudioVersion = 10.0.40219.1
Project("{9A19103F-16F7-4668-BE54-9A1E7A4F7556}") = "FreelanceTP", "FreelanceTP.csproj", "{EC2E5E1F-6E1A-413B-BD55-1B55A7725062}"
EndProject
Project("{FAE04EC0-301F-11D3-BF4B-00C04F79EFBC}") = "FreelanceTP.DataAccessLayer", "..\FreelanceTP.DataAccessLayer\FreelanceTP.DataAccessLayer.csproj", "{71FB227C-6DD4-4740-A1E5-E00C9B623ED1}"
EndProject
Project("{FAE04EC0-301F-11D3-BF4B-00C04F79EFBC}") = "FreelanceTP.DomainModel", "..\Freelance.DomainModel\FreelanceTP.DomainModel.csproj", "{B3E8A622-D958-43E5-BD1F-0091B8E3C09B}"
EndProject
Global
	GlobalSection(SolutionConfigurationPlatforms) = preSolution
		Debug|Any CPU = Debug|Any CPU
		Release|Any CPU = Release|Any CPU
	EndGlobalSection
	GlobalSection(ProjectConfigurationPlatforms) = postSolution
		{EC2E5E1F-6E1A-413B-BD55-1B55A7725062}.Debug|Any CPU.ActiveCfg = Debug|Any CPU
		{EC2E5E1F-6E1A-413B-BD55-1B55A7725062}.Debug|Any CPU.Build.0 = Debug|Any CPU
		{EC2E5E1F-6E1A-413B-BD55-1B55A7725062}.Release|Any CPU.ActiveCfg = Release|Any CPU
		{EC2E5E1F-6E1A-413B-BD55-1B55A7725062}.Release|Any CPU.Build.0 = Release|Any CPU
		{71FB227C-6DD4-4740-A1E5-E00C9B623ED1}.Debug|Any CPU.ActiveCfg = Debug|Any CPU
		{71FB227C-6DD4-4740-A1E5-E00C9B623ED1}.Debug|Any CPU.Build.0 = Debug|Any CPU
		{71FB227C-6DD4-4740-A1E5-E00C9B623ED1}.Release|Any CPU.ActiveCfg = Release|Any CPU
		{71FB227C-6DD4-4740-A1E5-E00C9B623ED1}.Release|Any CPU.Build.0 = Release|Any CPU
		{B3E8A622-D958-43E5-BD1F-0091B8E3C09B}.Debug|Any CPU.ActiveCfg = Debug|Any CPU
		{B3E8A622-D958-43E5-BD1F-0091B8E3C09B}.Debug|Any CPU.Build.0 = Debug|Any CPU
		{B3E8A622-D958-43E5-BD1F-0091B8E3C09B}.Release|Any CPU.ActiveCfg = Release|Any CPU
		{B3E8A622-D958-43E5-BD1F-0091B8E3C09B}.Release|Any CPU.Build.0 = Release|Any CPU
	EndGlobalSection
	GlobalSection(SolutionProperties) = preSolution
		HideSolutionNode = FALSE
	EndGlobalSection
	GlobalSection(ExtensibilityGlobals) = postSolution
		SolutionGuid = {D72ADA79-368D-49F7-B67F-C0D7190A84ED}
	EndGlobalSection
EndGlobal
